
Microsoft Visual Studio Solution File, Format Version 12.00
# Visual Studio Version 16
VisualStudioVersion = 16.0.30503.244
MinimumVisualStudioVersion = 10.0.40219.1
Project("{9A19103F-16F7-4668-BE54-9A1E7A4F7556}") = "Dym.Popular.Application", "Dym.Popular.Application\Dym.Popular.Application.csproj", "{D253F233-5CED-414F-A729-06DA288BA412}"
EndProject
Project("{9A19103F-16F7-4668-BE54-9A1E7A4F7556}") = "Dym.Popular.Application.Contracts", "Dym.Popular.Application.Contracts\Dym.Popular.Application.Contracts.csproj", "{703E453B-A6FD-4E14-976E-5A1C249FDAEF}"
EndProject
Project("{9A19103F-16F7-4668-BE54-9A1E7A4F7556}") = "Dym.Popular.Domain", "Dym.Popular.Domain\Dym.Popular.Domain.csproj", "{65BE4E28-F7C5-47FB-B435-04AFDCFD04F0}"
EndProject
Project("{9A19103F-16F7-4668-BE54-9A1E7A4F7556}") = "Dym.Popular.Domain.Shared", "Dym.Popular.Domain.Shared\Dym.Popular.Domain.Shared.csproj", "{07C39317-3E7C-4665-AB4E-2F49949DA916}"
EndProject
Project("{9A19103F-16F7-4668-BE54-9A1E7A4F7556}") = "Dym.Popular.EntityFrameworkCore", "Dym.Popular.EntityFrameworkCore\Dym.Popular.EntityFrameworkCore.csproj", "{DF55B645-34D6-486B-8D36-77C418BD3FAF}"
EndProject
Project("{9A19103F-16F7-4668-BE54-9A1E7A4F7556}") = "Dym.Popular.EntityFrameworkCore.DbMigrations", "Dym.Popular.EntityFrameworkCore.DbMigrations\Dym.Popular.EntityFrameworkCore.DbMigrations.csproj", "{C9B0ED2F-63D9-4C8D-8BD3-ECF90E661EFB}"
EndProject
Project("{9A19103F-16F7-4668-BE54-9A1E7A4F7556}") = "Dym.Popular.HttpApi", "Dym.Popular.HttpApi\Dym.Popular.HttpApi.csproj", "{385D0559-27DD-4AFA-8E4D-7620289082CB}"
EndProject
Project("{9A19103F-16F7-4668-BE54-9A1E7A4F7556}") = "Dym.Popular.Swagger", "Dym.Popular.Swagger\Dym.Popular.Swagger.csproj", "{E17C3E1F-E0A8-45EE-8F31-5A601F985953}"
EndProject
Project("{9A19103F-16F7-4668-BE54-9A1E7A4F7556}") = "Dym.Popular.HttpApi.Hosts", "Dym.Popular.HttpApi.Hosts\Dym.Popular.HttpApi.Hosts.csproj", "{1C7CA6EC-4774-4B5E-A077-CB4EB1C71980}"
EndProject
Project("{FAE04EC0-301F-11D3-BF4B-00C04F79EFBC}") = "Dym.Popular.Job", "Dym.Popular.Job\Dym.Popular.Job.csproj", "{05B1A402-71A0-4382-8AF5-DCF501DB90B2}"
EndProject
Global
	GlobalSection(SolutionConfigurationPlatforms) = preSolution
		Debug|Any CPU = Debug|Any CPU
		Release|Any CPU = Release|Any CPU
	EndGlobalSection
	GlobalSection(ProjectConfigurationPlatforms) = postSolution
		{D253F233-5CED-414F-A729-06DA288BA412}.Debug|Any CPU.ActiveCfg = Debug|Any CPU
		{D253F233-5CED-414F-A729-06DA288BA412}.Debug|Any CPU.Build.0 = Debug|Any CPU
		{D253F233-5CED-414F-A729-06DA288BA412}.Release|Any CPU.ActiveCfg = Release|Any CPU
		{D253F233-5CED-414F-A729-06DA288BA412}.Release|Any CPU.Build.0 = Release|Any CPU
		{703E453B-A6FD-4E14-976E-5A1C249FDAEF}.Debug|Any CPU.ActiveCfg = Debug|Any CPU
		{703E453B-A6FD-4E14-976E-5A1C249FDAEF}.Debug|Any CPU.Build.0 = Debug|Any CPU
		{703E453B-A6FD-4E14-976E-5A1C249FDAEF}.Release|Any CPU.ActiveCfg = Release|Any CPU
		{703E453B-A6FD-4E14-976E-5A1C249FDAEF}.Release|Any CPU.Build.0 = Release|Any CPU
		{65BE4E28-F7C5-47FB-B435-04AFDCFD04F0}.Debug|Any CPU.ActiveCfg = Debug|Any CPU
		{65BE4E28-F7C5-47FB-B435-04AFDCFD04F0}.Debug|Any CPU.Build.0 = Debug|Any CPU
		{65BE4E28-F7C5-47FB-B435-04AFDCFD04F0}.Release|Any CPU.ActiveCfg = Release|Any CPU
		{65BE4E28-F7C5-47FB-B435-04AFDCFD04F0}.Release|Any CPU.Build.0 = Release|Any CPU
		{07C39317-3E7C-4665-AB4E-2F49949DA916}.Debug|Any CPU.ActiveCfg = Debug|Any CPU
		{07C39317-3E7C-4665-AB4E-2F49949DA916}.Debug|Any CPU.Build.0 = Debug|Any CPU
		{07C39317-3E7C-4665-AB4E-2F49949DA916}.Release|Any CPU.ActiveCfg = Release|Any CPU
		{07C39317-3E7C-4665-AB4E-2F49949DA916}.Release|Any CPU.Build.0 = Release|Any CPU
		{DF55B645-34D6-486B-8D36-77C418BD3FAF}.Debug|Any CPU.ActiveCfg = Debug|Any CPU
		{DF55B645-34D6-486B-8D36-77C418BD3FAF}.Debug|Any CPU.Build.0 = Debug|Any CPU
		{DF55B645-34D6-486B-8D36-77C418BD3FAF}.Release|Any CPU.ActiveCfg = Release|Any CPU
		{DF55B645-34D6-486B-8D36-77C418BD3FAF}.Release|Any CPU.Build.0 = Release|Any CPU
		{C9B0ED2F-63D9-4C8D-8BD3-ECF90E661EFB}.Debug|Any CPU.ActiveCfg = Debug|Any CPU
		{C9B0ED2F-63D9-4C8D-8BD3-ECF90E661EFB}.Debug|Any CPU.Build.0 = Debug|Any CPU
		{C9B0ED2F-63D9-4C8D-8BD3-ECF90E661EFB}.Release|Any CPU.ActiveCfg = Release|Any CPU
		{C9B0ED2F-63D9-4C8D-8BD3-ECF90E661EFB}.Release|Any CPU.Build.0 = Release|Any CPU
		{385D0559-27DD-4AFA-8E4D-7620289082CB}.Debug|Any CPU.ActiveCfg = Debug|Any CPU
		{385D0559-27DD-4AFA-8E4D-7620289082CB}.Debug|Any CPU.Build.0 = Debug|Any CPU
		{385D0559-27DD-4AFA-8E4D-7620289082CB}.Release|Any CPU.ActiveCfg = Release|Any CPU
		{385D0559-27DD-4AFA-8E4D-7620289082CB}.Release|Any CPU.Build.0 = Release|Any CPU
		{E17C3E1F-E0A8-45EE-8F31-5A601F985953}.Debug|Any CPU.ActiveCfg = Debug|Any CPU
		{E17C3E1F-E0A8-45EE-8F31-5A601F985953}.Debug|Any CPU.Build.0 = Debug|Any CPU
		{E17C3E1F-E0A8-45EE-8F31-5A601F985953}.Release|Any CPU.ActiveCfg = Release|Any CPU
		{E17C3E1F-E0A8-45EE-8F31-5A601F985953}.Release|Any CPU.Build.0 = Release|Any CPU
		{1C7CA6EC-4774-4B5E-A077-CB4EB1C71980}.Debug|Any CPU.ActiveCfg = Debug|Any CPU
		{1C7CA6EC-4774-4B5E-A077-CB4EB1C71980}.Debug|Any CPU.Build.0 = Debug|Any CPU
		{1C7CA6EC-4774-4B5E-A077-CB4EB1C71980}.Release|Any CPU.ActiveCfg = Release|Any CPU
		{1C7CA6EC-4774-4B5E-A077-CB4EB1C71980}.Release|Any CPU.Build.0 = Release|Any CPU
		{05B1A402-71A0-4382-8AF5-DCF501DB90B2}.Debug|Any CPU.ActiveCfg = Debug|Any CPU
		{05B1A402-71A0-4382-8AF5-DCF501DB90B2}.Debug|Any CPU.Build.0 = Debug|Any CPU
		{05B1A402-71A0-4382-8AF5-DCF501DB90B2}.Release|Any CPU.ActiveCfg = Release|Any CPU
		{05B1A402-71A0-4382-8AF5-DCF501DB90B2}.Release|Any CPU.Build.0 = Release|Any CPU
	EndGlobalSection
	GlobalSection(SolutionProperties) = preSolution
		HideSolutionNode = FALSE
	EndGlobalSection
	GlobalSection(ExtensibilityGlobals) = postSolution
		SolutionGuid = {18227815-2080-4F12-B5F0-EC59FA5CF316}
	EndGlobalSection
EndGlobal
